
Microsoft Visual Studio Solution File, Format Version 12.00
Project("{FAE04EC0-301F-11D3-BF4B-00C04F79EFBC}") = "CatalogService", "CatalogService\CatalogService.csproj", "{14BFE7A7-6EFB-447D-91C0-6BCC955231BE}"
EndProject
Project("{FAE04EC0-301F-11D3-BF4B-00C04F79EFBC}") = "CatalogService.Models", "CatalogService.Models\CatalogService.Models.csproj", "{73EAFFDB-59D8-476F-B591-18AB0BBFCB6B}"
EndProject
Project("{FAE04EC0-301F-11D3-BF4B-00C04F79EFBC}") = "CatalogService.DataContext", "CatalogService.DataContext\CatalogService.DataContext.csproj", "{B9465030-A22C-45C1-9F8C-C6B3C3B4B817}"
EndProject
Global
	GlobalSection(SolutionConfigurationPlatforms) = preSolution
		Debug|Any CPU = Debug|Any CPU
		Release|Any CPU = Release|Any CPU
	EndGlobalSection
	GlobalSection(ProjectConfigurationPlatforms) = postSolution
		{14BFE7A7-6EFB-447D-91C0-6BCC955231BE}.Debug|Any CPU.ActiveCfg = Debug|Any CPU
		{14BFE7A7-6EFB-447D-91C0-6BCC955231BE}.Debug|Any CPU.Build.0 = Debug|Any CPU
		{14BFE7A7-6EFB-447D-91C0-6BCC955231BE}.Release|Any CPU.ActiveCfg = Release|Any CPU
		{14BFE7A7-6EFB-447D-91C0-6BCC955231BE}.Release|Any CPU.Build.0 = Release|Any CPU
		{73EAFFDB-59D8-476F-B591-18AB0BBFCB6B}.Debug|Any CPU.ActiveCfg = Debug|Any CPU
		{73EAFFDB-59D8-476F-B591-18AB0BBFCB6B}.Debug|Any CPU.Build.0 = Debug|Any CPU
		{73EAFFDB-59D8-476F-B591-18AB0BBFCB6B}.Release|Any CPU.ActiveCfg = Release|Any CPU
		{73EAFFDB-59D8-476F-B591-18AB0BBFCB6B}.Release|Any CPU.Build.0 = Release|Any CPU
		{B9465030-A22C-45C1-9F8C-C6B3C3B4B817}.Debug|Any CPU.ActiveCfg = Debug|Any CPU
		{B9465030-A22C-45C1-9F8C-C6B3C3B4B817}.Debug|Any CPU.Build.0 = Debug|Any CPU
		{B9465030-A22C-45C1-9F8C-C6B3C3B4B817}.Release|Any CPU.ActiveCfg = Release|Any CPU
		{B9465030-A22C-45C1-9F8C-C6B3C3B4B817}.Release|Any CPU.Build.0 = Release|Any CPU
	EndGlobalSection
EndGlobal
